// !$*UTF8*$!
{
	archiveVersion = 1;
	classes = {
	};
	objectVersion = 56;
	objects = {

/* Begin PBXBuildFile section */
		5C39CED32973A1C000A19F2C /* HeroBookApp.swift in Sources */ = {isa = PBXBuildFile; fileRef = 5C39CED22973A1C000A19F2C /* HeroBookApp.swift */; };
		5C39CED52973A1C000A19F2C /* ContentView.swift in Sources */ = {isa = PBXBuildFile; fileRef = 5C39CED42973A1C000A19F2C /* ContentView.swift */; };
		5C39CED72973A1C100A19F2C /* Assets.xcassets in Resources */ = {isa = PBXBuildFile; fileRef = 5C39CED62973A1C100A19F2C /* Assets.xcassets */; };
		5C39CEDA2973A1C100A19F2C /* Preview Assets.xcassets in Resources */ = {isa = PBXBuildFile; fileRef = 5C39CED92973A1C100A19F2C /* Preview Assets.xcassets */; };
		5C3F660F2973B791003FB01B /* ComposableArchitecture in Frameworks */ = {isa = PBXBuildFile; productRef = 5C3F660E2973B791003FB01B /* ComposableArchitecture */; };
		5C3F66122973C165003FB01B /* String+Ex.swift in Sources */ = {isa = PBXBuildFile; fileRef = 5C3F66112973C165003FB01B /* String+Ex.swift */; };
		5C3F66182973C3A2003FB01B /* APIClient.swift in Sources */ = {isa = PBXBuildFile; fileRef = 5C3F66172973C3A2003FB01B /* APIClient.swift */; };
		5C3F661A2973C4FC003FB01B /* Domain.swift in Sources */ = {isa = PBXBuildFile; fileRef = 5C3F66192973C4FC003FB01B /* Domain.swift */; };
		5C3F661D2973C926003FB01B /* Endpoint.swift in Sources */ = {isa = PBXBuildFile; fileRef = 5C3F661C2973C926003FB01B /* Endpoint.swift */; };
		5C3F66242973CE87003FB01B /* BaseParameter.swift in Sources */ = {isa = PBXBuildFile; fileRef = 5C3F66232973CE87003FB01B /* BaseParameter.swift */; };
		5C3F66272973D41E003FB01B /* Request.swift in Sources */ = {isa = PBXBuildFile; fileRef = 5C3F66262973D41E003FB01B /* Request.swift */; };
		5C3F662929783B91003FB01B /* CharacterRequest.swift in Sources */ = {isa = PBXBuildFile; fileRef = 5C3F662829783B91003FB01B /* CharacterRequest.swift */; };
		5C3F662C29783C31003FB01B /* CharecterResponse.swift in Sources */ = {isa = PBXBuildFile; fileRef = 5C3F662B29783C31003FB01B /* CharecterResponse.swift */; };
		5C3F662E297841D4003FB01B /* Parameter.swift in Sources */ = {isa = PBXBuildFile; fileRef = 5C3F662D297841D4003FB01B /* Parameter.swift */; };
		5C3F6631297983F9003FB01B /* CharacterRepository.swift in Sources */ = {isa = PBXBuildFile; fileRef = 5C3F6630297983F9003FB01B /* CharacterRepository.swift */; };
/* End PBXBuildFile section */

/* Begin PBXFileReference section */
		5C39CECF2973A1C000A19F2C /* HeroBook.app */ = {isa = PBXFileReference; explicitFileType = wrapper.application; includeInIndex = 0; path = HeroBook.app; sourceTree = BUILT_PRODUCTS_DIR; };
		5C39CED22973A1C000A19F2C /* HeroBookApp.swift */ = {isa = PBXFileReference; lastKnownFileType = sourcecode.swift; path = HeroBookApp.swift; sourceTree = "<group>"; };
		5C39CED42973A1C000A19F2C /* ContentView.swift */ = {isa = PBXFileReference; lastKnownFileType = sourcecode.swift; path = ContentView.swift; sourceTree = "<group>"; };
		5C39CED62973A1C100A19F2C /* Assets.xcassets */ = {isa = PBXFileReference; lastKnownFileType = folder.assetcatalog; path = Assets.xcassets; sourceTree = "<group>"; };
		5C39CED92973A1C100A19F2C /* Preview Assets.xcassets */ = {isa = PBXFileReference; lastKnownFileType = folder.assetcatalog; path = "Preview Assets.xcassets"; sourceTree = "<group>"; };
		5C3F66112973C165003FB01B /* String+Ex.swift */ = {isa = PBXFileReference; lastKnownFileType = sourcecode.swift; path = "String+Ex.swift"; sourceTree = "<group>"; };
		5C3F66132973C20B003FB01B /* HeroBook-Bridging-Header.h */ = {isa = PBXFileReference; lastKnownFileType = sourcecode.c.h; path = "HeroBook-Bridging-Header.h"; sourceTree = "<group>"; };
		5C3F66172973C3A2003FB01B /* APIClient.swift */ = {isa = PBXFileReference; lastKnownFileType = sourcecode.swift; path = APIClient.swift; sourceTree = "<group>"; };
		5C3F66192973C4FC003FB01B /* Domain.swift */ = {isa = PBXFileReference; lastKnownFileType = sourcecode.swift; path = Domain.swift; sourceTree = "<group>"; };
		5C3F661B2973C832003FB01B /* Info.plist */ = {isa = PBXFileReference; lastKnownFileType = text.plist; path = Info.plist; sourceTree = "<group>"; };
		5C3F661C2973C926003FB01B /* Endpoint.swift */ = {isa = PBXFileReference; lastKnownFileType = sourcecode.swift; path = Endpoint.swift; sourceTree = "<group>"; };
		5C3F66232973CE87003FB01B /* BaseParameter.swift */ = {isa = PBXFileReference; lastKnownFileType = sourcecode.swift; path = BaseParameter.swift; sourceTree = "<group>"; };
		5C3F66262973D41E003FB01B /* Request.swift */ = {isa = PBXFileReference; lastKnownFileType = sourcecode.swift; path = Request.swift; sourceTree = "<group>"; };
		5C3F662829783B91003FB01B /* CharacterRequest.swift */ = {isa = PBXFileReference; lastKnownFileType = sourcecode.swift; path = CharacterRequest.swift; sourceTree = "<group>"; };
		5C3F662B29783C31003FB01B /* CharecterResponse.swift */ = {isa = PBXFileReference; lastKnownFileType = sourcecode.swift; path = CharecterResponse.swift; sourceTree = "<group>"; };
		5C3F662D297841D4003FB01B /* Parameter.swift */ = {isa = PBXFileReference; lastKnownFileType = sourcecode.swift; path = Parameter.swift; sourceTree = "<group>"; };
		5C3F6630297983F9003FB01B /* CharacterRepository.swift */ = {isa = PBXFileReference; lastKnownFileType = sourcecode.swift; path = CharacterRepository.swift; sourceTree = "<group>"; };
/* End PBXFileReference section */

/* Begin PBXFrameworksBuildPhase section */
		5C39CECC2973A1C000A19F2C /* Frameworks */ = {
			isa = PBXFrameworksBuildPhase;
			buildActionMask = 2147483647;
			files = (
				5C3F660F2973B791003FB01B /* ComposableArchitecture in Frameworks */,
			);
			runOnlyForDeploymentPostprocessing = 0;
		};
/* End PBXFrameworksBuildPhase section */

/* Begin PBXGroup section */
		5C39CEC62973A1C000A19F2C = {
			isa = PBXGroup;
			children = (
				5C39CED12973A1C000A19F2C /* HeroBook */,
				5C39CED02973A1C000A19F2C /* Products */,
			);
			sourceTree = "<group>";
		};
		5C39CED02973A1C000A19F2C /* Products */ = {
			isa = PBXGroup;
			children = (
				5C39CECF2973A1C000A19F2C /* HeroBook.app */,
			);
			name = Products;
			sourceTree = "<group>";
		};
		5C39CED12973A1C000A19F2C /* HeroBook */ = {
			isa = PBXGroup;
			children = (
				5C3F661B2973C832003FB01B /* Info.plist */,
				5C3F66102973C14E003FB01B /* Extension */,
				5C39CED22973A1C000A19F2C /* HeroBookApp.swift */,
				5C39CED42973A1C000A19F2C /* ContentView.swift */,
				5C3F66162973C2D0003FB01B /* Repository */,
				5C39CED62973A1C100A19F2C /* Assets.xcassets */,
				5C39CED82973A1C100A19F2C /* Preview Content */,
				5C3F66132973C20B003FB01B /* HeroBook-Bridging-Header.h */,
			);
			path = HeroBook;
			sourceTree = "<group>";
		};
		5C39CED82973A1C100A19F2C /* Preview Content */ = {
			isa = PBXGroup;
			children = (
				5C39CED92973A1C100A19F2C /* Preview Assets.xcassets */,
			);
			path = "Preview Content";
			sourceTree = "<group>";
		};
		5C3F66102973C14E003FB01B /* Extension */ = {
			isa = PBXGroup;
			children = (
				5C3F66112973C165003FB01B /* String+Ex.swift */,
			);
			path = Extension;
			sourceTree = "<group>";
		};
		5C3F66162973C2D0003FB01B /* Repository */ = {
			isa = PBXGroup;
			children = (
				5C3F662F297983CA003FB01B /* Repository */,
				5C3F66172973C3A2003FB01B /* APIClient.swift */,
				5C3F66192973C4FC003FB01B /* Domain.swift */,
				5C3F661C2973C926003FB01B /* Endpoint.swift */,
				5C3F66202973CDFE003FB01B /* Parameter */,
				5C3F66252973D3FE003FB01B /* Request */,
				5C3F662A29783C0D003FB01B /* Response */,
			);
			path = Repository;
			sourceTree = "<group>";
		};
		5C3F66202973CDFE003FB01B /* Parameter */ = {
			isa = PBXGroup;
			children = (
				5C3F66232973CE87003FB01B /* BaseParameter.swift */,
				5C3F662D297841D4003FB01B /* Parameter.swift */,
			);
			path = Parameter;
			sourceTree = "<group>";
		};
		5C3F66252973D3FE003FB01B /* Request */ = {
			isa = PBXGroup;
			children = (
				5C3F66262973D41E003FB01B /* Request.swift */,
				5C3F662829783B91003FB01B /* CharacterRequest.swift */,
			);
			path = Request;
			sourceTree = "<group>";
		};
		5C3F662A29783C0D003FB01B /* Response */ = {
			isa = PBXGroup;
			children = (
				5C3F662B29783C31003FB01B /* CharecterResponse.swift */,
			);
			path = Response;
			sourceTree = "<group>";
		};
		5C3F662F297983CA003FB01B /* Repository */ = {
			isa = PBXGroup;
			children = (
				5C3F6630297983F9003FB01B /* CharacterRepository.swift */,
			);
			path = Repository;
			sourceTree = "<group>";
		};
/* End PBXGroup section */

/* Begin PBXNativeTarget section */
		5C39CECE2973A1C000A19F2C /* HeroBook */ = {
			isa = PBXNativeTarget;
			buildConfigurationList = 5C39CEDD2973A1C100A19F2C /* Build configuration list for PBXNativeTarget "HeroBook" */;
			buildPhases = (
				5C39CECB2973A1C000A19F2C /* Sources */,
				5C39CECC2973A1C000A19F2C /* Frameworks */,
				5C39CECD2973A1C000A19F2C /* Resources */,
			);
			buildRules = (
			);
			dependencies = (
			);
			name = HeroBook;
			packageProductDependencies = (
				5C3F660E2973B791003FB01B /* ComposableArchitecture */,
			);
			productName = HeroBook;
			productReference = 5C39CECF2973A1C000A19F2C /* HeroBook.app */;
			productType = "com.apple.product-type.application";
		};
/* End PBXNativeTarget section */

/* Begin PBXProject section */
		5C39CEC72973A1C000A19F2C /* Project object */ = {
			isa = PBXProject;
			attributes = {
				BuildIndependentTargetsInParallel = 1;
				LastSwiftUpdateCheck = 1420;
				LastUpgradeCheck = 1420;
				TargetAttributes = {
					5C39CECE2973A1C000A19F2C = {
						CreatedOnToolsVersion = 14.2;
						LastSwiftMigration = 1420;
					};
				};
			};
			buildConfigurationList = 5C39CECA2973A1C000A19F2C /* Build configuration list for PBXProject "HeroBook" */;
			compatibilityVersion = "Xcode 14.0";
			developmentRegion = en;
			hasScannedForEncodings = 0;
			knownRegions = (
				en,
				Base,
			);
			mainGroup = 5C39CEC62973A1C000A19F2C;
			packageReferences = (
				5C3F660D2973B791003FB01B /* XCRemoteSwiftPackageReference "swift-composable-architecture" */,
			);
			productRefGroup = 5C39CED02973A1C000A19F2C /* Products */;
			projectDirPath = "";
			projectRoot = "";
			targets = (
				5C39CECE2973A1C000A19F2C /* HeroBook */,
			);
		};
/* End PBXProject section */

/* Begin PBXResourcesBuildPhase section */
		5C39CECD2973A1C000A19F2C /* Resources */ = {
			isa = PBXResourcesBuildPhase;
			buildActionMask = 2147483647;
			files = (
				5C39CEDA2973A1C100A19F2C /* Preview Assets.xcassets in Resources */,
				5C39CED72973A1C100A19F2C /* Assets.xcassets in Resources */,
			);
			runOnlyForDeploymentPostprocessing = 0;
		};
/* End PBXResourcesBuildPhase section */

/* Begin PBXSourcesBuildPhase section */
		5C39CECB2973A1C000A19F2C /* Sources */ = {
			isa = PBXSourcesBuildPhase;
			buildActionMask = 2147483647;
			files = (
				5C3F66122973C165003FB01B /* String+Ex.swift in Sources */,
				5C3F66242973CE87003FB01B /* BaseParameter.swift in Sources */,
				5C3F662E297841D4003FB01B /* Parameter.swift in Sources */,
				5C3F662C29783C31003FB01B /* CharecterResponse.swift in Sources */,
				5C3F661A2973C4FC003FB01B /* Domain.swift in Sources */,
				5C3F6631297983F9003FB01B /* CharacterRepository.swift in Sources */,
				5C39CED52973A1C000A19F2C /* ContentView.swift in Sources */,
				5C3F662929783B91003FB01B /* CharacterRequest.swift in Sources */,
				5C39CED32973A1C000A19F2C /* HeroBookApp.swift in Sources */,
				5C3F661D2973C926003FB01B /* Endpoint.swift in Sources */,
				5C3F66272973D41E003FB01B /* Request.swift in Sources */,
				5C3F66182973C3A2003FB01B /* APIClient.swift in Sources */,
			);
			runOnlyForDeploymentPostprocessing = 0;
		};
/* End PBXSourcesBuildPhase section */

/* Begin XCBuildConfiguration section */
		5C39CEDB2973A1C100A19F2C /* Debug */ = {
			isa = XCBuildConfiguration;
			buildSettings = {
				ALWAYS_SEARCH_USER_PATHS = NO;
				CLANG_ANALYZER_NONNULL = YES;
				CLANG_ANALYZER_NUMBER_OBJECT_CONVERSION = YES_AGGRESSIVE;
				CLANG_CXX_LANGUAGE_STANDARD = "gnu++20";
				CLANG_ENABLE_MODULES = YES;
				CLANG_ENABLE_OBJC_ARC = YES;
				CLANG_ENABLE_OBJC_WEAK = YES;
				CLANG_WARN_BLOCK_CAPTURE_AUTORELEASING = YES;
				CLANG_WARN_BOOL_CONVERSION = YES;
				CLANG_WARN_COMMA = YES;
				CLANG_WARN_CONSTANT_CONVERSION = YES;
				CLANG_WARN_DEPRECATED_OBJC_IMPLEMENTATIONS = YES;
				CLANG_WARN_DIRECT_OBJC_ISA_USAGE = YES_ERROR;
				CLANG_WARN_DOCUMENTATION_COMMENTS = YES;
				CLANG_WARN_EMPTY_BODY = YES;
				CLANG_WARN_ENUM_CONVERSION = YES;
				CLANG_WARN_INFINITE_RECURSION = YES;
				CLANG_WARN_INT_CONVERSION = YES;
				CLANG_WARN_NON_LITERAL_NULL_CONVERSION = YES;
				CLANG_WARN_OBJC_IMPLICIT_RETAIN_SELF = YES;
				CLANG_WARN_OBJC_LITERAL_CONVERSION = YES;
				CLANG_WARN_OBJC_ROOT_CLASS = YES_ERROR;
				CLANG_WARN_QUOTED_INCLUDE_IN_FRAMEWORK_HEADER = YES;
				CLANG_WARN_RANGE_LOOP_ANALYSIS = YES;
				CLANG_WARN_STRICT_PROTOTYPES = YES;
				CLANG_WARN_SUSPICIOUS_MOVE = YES;
				CLANG_WARN_UNGUARDED_AVAILABILITY = YES_AGGRESSIVE;
				CLANG_WARN_UNREACHABLE_CODE = YES;
				CLANG_WARN__DUPLICATE_METHOD_MATCH = YES;
				COPY_PHASE_STRIP = NO;
				DEBUG_INFORMATION_FORMAT = dwarf;
				ENABLE_STRICT_OBJC_MSGSEND = YES;
				ENABLE_TESTABILITY = YES;
				GCC_C_LANGUAGE_STANDARD = gnu11;
				GCC_DYNAMIC_NO_PIC = NO;
				GCC_NO_COMMON_BLOCKS = YES;
				GCC_OPTIMIZATION_LEVEL = 0;
				GCC_PREPROCESSOR_DEFINITIONS = (
					"DEBUG=1",
					"$(inherited)",
				);
				GCC_WARN_64_TO_32_BIT_CONVERSION = YES;
				GCC_WARN_ABOUT_RETURN_TYPE = YES_ERROR;
				GCC_WARN_UNDECLARED_SELECTOR = YES;
				GCC_WARN_UNINITIALIZED_AUTOS = YES_AGGRESSIVE;
				GCC_WARN_UNUSED_FUNCTION = YES;
				GCC_WARN_UNUSED_VARIABLE = YES;
				IPHONEOS_DEPLOYMENT_TARGET = 16.2;
				MTL_ENABLE_DEBUG_INFO = INCLUDE_SOURCE;
				MTL_FAST_MATH = YES;
				ONLY_ACTIVE_ARCH = YES;
				SDKROOT = iphoneos;
				SWIFT_ACTIVE_COMPILATION_CONDITIONS = DEBUG;
				SWIFT_OPTIMIZATION_LEVEL = "-Onone";
			};
			name = Debug;
		};
		5C39CEDC2973A1C100A19F2C /* Release */ = {
			isa = XCBuildConfiguration;
			buildSettings = {
				ALWAYS_SEARCH_USER_PATHS = NO;
				CLANG_ANALYZER_NONNULL = YES;
				CLANG_ANALYZER_NUMBER_OBJECT_CONVERSION = YES_AGGRESSIVE;
				CLANG_CXX_LANGUAGE_STANDARD = "gnu++20";
				CLANG_ENABLE_MODULES = YES;
				CLANG_ENABLE_OBJC_ARC = YES;
				CLANG_ENABLE_OBJC_WEAK = YES;
				CLANG_WARN_BLOCK_CAPTURE_AUTORELEASING = YES;
				CLANG_WARN_BOOL_CONVERSION = YES;
				CLANG_WARN_COMMA = YES;
				CLANG_WARN_CONSTANT_CONVERSION = YES;
				CLANG_WARN_DEPRECATED_OBJC_IMPLEMENTATIONS = YES;
				CLANG_WARN_DIRECT_OBJC_ISA_USAGE = YES_ERROR;
				CLANG_WARN_DOCUMENTATION_COMMENTS = YES;
				CLANG_WARN_EMPTY_BODY = YES;
				CLANG_WARN_ENUM_CONVERSION = YES;
				CLANG_WARN_INFINITE_RECURSION = YES;
				CLANG_WARN_INT_CONVERSION = YES;
				CLANG_WARN_NON_LITERAL_NULL_CONVERSION = YES;
				CLANG_WARN_OBJC_IMPLICIT_RETAIN_SELF = YES;
				CLANG_WARN_OBJC_LITERAL_CONVERSION = YES;
				CLANG_WARN_OBJC_ROOT_CLASS = YES_ERROR;
				CLANG_WARN_QUOTED_INCLUDE_IN_FRAMEWORK_HEADER = YES;
				CLANG_WARN_RANGE_LOOP_ANALYSIS = YES;
				CLANG_WARN_STRICT_PROTOTYPES = YES;
				CLANG_WARN_SUSPICIOUS_MOVE = YES;
				CLANG_WARN_UNGUARDED_AVAILABILITY = YES_AGGRESSIVE;
				CLANG_WARN_UNREACHABLE_CODE = YES;
				CLANG_WARN__DUPLICATE_METHOD_MATCH = YES;
				COPY_PHASE_STRIP = NO;
				DEBUG_INFORMATION_FORMAT = "dwarf-with-dsym";
				ENABLE_NS_ASSERTIONS = NO;
				ENABLE_STRICT_OBJC_MSGSEND = YES;
				GCC_C_LANGUAGE_STANDARD = gnu11;
				GCC_NO_COMMON_BLOCKS = YES;
				GCC_WARN_64_TO_32_BIT_CONVERSION = YES;
				GCC_WARN_ABOUT_RETURN_TYPE = YES_ERROR;
				GCC_WARN_UNDECLARED_SELECTOR = YES;
				GCC_WARN_UNINITIALIZED_AUTOS = YES_AGGRESSIVE;
				GCC_WARN_UNUSED_FUNCTION = YES;
				GCC_WARN_UNUSED_VARIABLE = YES;
				IPHONEOS_DEPLOYMENT_TARGET = 16.2;
				MTL_ENABLE_DEBUG_INFO = NO;
				MTL_FAST_MATH = YES;
				SDKROOT = iphoneos;
				SWIFT_COMPILATION_MODE = wholemodule;
				SWIFT_OPTIMIZATION_LEVEL = "-O";
				VALIDATE_PRODUCT = YES;
			};
			name = Release;
		};
		5C39CEDE2973A1C100A19F2C /* Debug */ = {
			isa = XCBuildConfiguration;
			buildSettings = {
				ASSETCATALOG_COMPILER_APPICON_NAME = AppIcon;
				ASSETCATALOG_COMPILER_GLOBAL_ACCENT_COLOR_NAME = AccentColor;
				CLANG_ENABLE_MODULES = YES;
				CODE_SIGN_STYLE = Automatic;
				CURRENT_PROJECT_VERSION = 1;
				DEVELOPMENT_ASSET_PATHS = "\"HeroBook/Preview Content\"";
				DEVELOPMENT_TEAM = 8SARQFUQQA;
				ENABLE_PREVIEWS = YES;
				GENERATE_INFOPLIST_FILE = YES;
				INFOPLIST_FILE = HeroBook/Info.plist;
				INFOPLIST_KEY_UIApplicationSceneManifest_Generation = YES;
				INFOPLIST_KEY_UIApplicationSupportsIndirectInputEvents = YES;
				INFOPLIST_KEY_UILaunchScreen_Generation = YES;
				INFOPLIST_KEY_UISupportedInterfaceOrientations_iPad = "UIInterfaceOrientationPortrait UIInterfaceOrientationPortraitUpsideDown UIInterfaceOrientationLandscapeLeft UIInterfaceOrientationLandscapeRight";
				INFOPLIST_KEY_UISupportedInterfaceOrientations_iPhone = "UIInterfaceOrientationPortrait UIInterfaceOrientationLandscapeLeft UIInterfaceOrientationLandscapeRight";
				LD_RUNPATH_SEARCH_PATHS = (
					"$(inherited)",
					"@executable_path/Frameworks",
				);
				MARKETING_VERSION = 1.0;
				PRODUCT_BUNDLE_IDENTIFIER = taisei.HeroBook;
				PRODUCT_NAME = "$(TARGET_NAME)";
				SWIFT_EMIT_LOC_STRINGS = YES;
				SWIFT_OBJC_BRIDGING_HEADER = "HeroBook/HeroBook-Bridging-Header.h";
				SWIFT_OPTIMIZATION_LEVEL = "-Onone";
				SWIFT_VERSION = 5.0;
				TARGETED_DEVICE_FAMILY = "1,2";
			};
			name = Debug;
		};
		5C39CEDF2973A1C100A19F2C /* Release */ = {
			isa = XCBuildConfiguration;
			buildSettings = {
				ASSETCATALOG_COMPILER_APPICON_NAME = AppIcon;
				ASSETCATALOG_COMPILER_GLOBAL_ACCENT_COLOR_NAME = AccentColor;
				CLANG_ENABLE_MODULES = YES;
				CODE_SIGN_STYLE = Automatic;
				CURRENT_PROJECT_VERSION = 1;
				DEVELOPMENT_ASSET_PATHS = "\"HeroBook/Preview Content\"";
				DEVELOPMENT_TEAM = 8SARQFUQQA;
				ENABLE_PREVIEWS = YES;
				GENERATE_INFOPLIST_FILE = YES;
				INFOPLIST_FILE = HeroBook/Info.plist;
				INFOPLIST_KEY_UIApplicationSceneManifest_Generation = YES;
				INFOPLIST_KEY_UIApplicationSupportsIndirectInputEvents = YES;
				INFOPLIST_KEY_UILaunchScreen_Generation = YES;
				INFOPLIST_KEY_UISupportedInterfaceOrientations_iPad = "UIInterfaceOrientationPortrait UIInterfaceOrientationPortraitUpsideDown UIInterfaceOrientationLandscapeLeft UIInterfaceOrientationLandscapeRight";
				INFOPLIST_KEY_UISupportedInterfaceOrientations_iPhone = "UIInterfaceOrientationPortrait UIInterfaceOrientationLandscapeLeft UIInterfaceOrientationLandscapeRight";
				LD_RUNPATH_SEARCH_PATHS = (
					"$(inherited)",
					"@executable_path/Frameworks",
				);
				MARKETING_VERSION = 1.0;
				PRODUCT_BUNDLE_IDENTIFIER = taisei.HeroBook;
				PRODUCT_NAME = "$(TARGET_NAME)";
				SWIFT_EMIT_LOC_STRINGS = YES;
				SWIFT_OBJC_BRIDGING_HEADER = "HeroBook/HeroBook-Bridging-Header.h";
				SWIFT_VERSION = 5.0;
				TARGETED_DEVICE_FAMILY = "1,2";
			};
			name = Release;
		};
/* End XCBuildConfiguration section */

/* Begin XCConfigurationList section */
		5C39CECA2973A1C000A19F2C /* Build configuration list for PBXProject "HeroBook" */ = {
			isa = XCConfigurationList;
			buildConfigurations = (
				5C39CEDB2973A1C100A19F2C /* Debug */,
				5C39CEDC2973A1C100A19F2C /* Release */,
			);
			defaultConfigurationIsVisible = 0;
			defaultConfigurationName = Release;
		};
		5C39CEDD2973A1C100A19F2C /* Build configuration list for PBXNativeTarget "HeroBook" */ = {
			isa = XCConfigurationList;
			buildConfigurations = (
				5C39CEDE2973A1C100A19F2C /* Debug */,
				5C39CEDF2973A1C100A19F2C /* Release */,
			);
			defaultConfigurationIsVisible = 0;
			defaultConfigurationName = Release;
		};
/* End XCConfigurationList section */

/* Begin XCRemoteSwiftPackageReference section */
		5C3F660D2973B791003FB01B /* XCRemoteSwiftPackageReference "swift-composable-architecture" */ = {
			isa = XCRemoteSwiftPackageReference;
			repositoryURL = "https://github.com/pointfreeco/swift-composable-architecture";
			requirement = {
				branch = main;
				kind = branch;
			};
		};
/* End XCRemoteSwiftPackageReference section */

/* Begin XCSwiftPackageProductDependency section */
		5C3F660E2973B791003FB01B /* ComposableArchitecture */ = {
			isa = XCSwiftPackageProductDependency;
			package = 5C3F660D2973B791003FB01B /* XCRemoteSwiftPackageReference "swift-composable-architecture" */;
			productName = ComposableArchitecture;
		};
/* End XCSwiftPackageProductDependency section */
	};
	rootObject = 5C39CEC72973A1C000A19F2C /* Project object */;
}
